Microsoft Visual Studio Solution File, Format Version 12.00
# Visual Studio 2012
Project("{FAE04EC0-301F-11D3-BF4B-00C04F79EFBC}") = "Grinfinity", "Grinfinity.csproj", "{1393F52D-264E-41A8-A522-A741910FADAC}"
EndProject
Global
	GlobalSection(SolutionConfigurationPlatforms) = preSolution
	Debug|Any CPU = Debug|Any CPU
	ExportDebug|Any CPU = ExportDebug|Any CPU
	ExportRelease|Any CPU = ExportRelease|Any CPU
	EndGlobalSection
	GlobalSection(ProjectConfigurationPlatforms) = postSolution
		{1393F52D-264E-41A8-A522-A741910FADAC}.Debug|Any CPU.ActiveCfg = Debug|Any CPU
		{1393F52D-264E-41A8-A522-A741910FADAC}.Debug|Any CPU.Build.0 = Debug|Any CPU
		{1393F52D-264E-41A8-A522-A741910FADAC}.ExportDebug|Any CPU.ActiveCfg = ExportDebug|Any CPU
		{1393F52D-264E-41A8-A522-A741910FADAC}.ExportDebug|Any CPU.Build.0 = ExportDebug|Any CPU
		{1393F52D-264E-41A8-A522-A741910FADAC}.ExportRelease|Any CPU.ActiveCfg = ExportRelease|Any CPU
		{1393F52D-264E-41A8-A522-A741910FADAC}.ExportRelease|Any CPU.Build.0 = ExportRelease|Any CPU
	EndGlobalSection
EndGlobal
